// !$*UTF8*$!
{
	archiveVersion = 1;
	classes = {
	};
	objectVersion = 46;
	objects = {

/* Begin PBXBuildFile section */
		4F741FE71C3124500039BBA1 /* main.m in Sources */ = {isa = PBXBuildFile; fileRef = 4F741FE61C3124500039BBA1 /* main.m */; };
		4F741FEA1C3124500039BBA1 /* AppDelegate.m in Sources */ = {isa = PBXBuildFile; fileRef = 4F741FE91C3124500039BBA1 /* AppDelegate.m */; };
		4F741FED1C3124500039BBA1 /* ViewController.m in Sources */ = {isa = PBXBuildFile; fileRef = 4F741FEC1C3124500039BBA1 /* ViewController.m */; };
		4F741FF01C3124500039BBA1 /* Main.storyboard in Resources */ = {isa = PBXBuildFile; fileRef = 4F741FEE1C3124500039BBA1 /* Main.storyboard */; };
		4F741FF21C3124500039BBA1 /* Assets.xcassets in Resources */ = {isa = PBXBuildFile; fileRef = 4F741FF11C3124500039BBA1 /* Assets.xcassets */; };
		4F741FF51C3124500039BBA1 /* LaunchScreen.storyboard in Resources */ = {isa = PBXBuildFile; fileRef = 4F741FF31C3124500039BBA1 /* LaunchScreen.storyboard */; };
		4F741FFE1C3125A30039BBA1 /* FKCollectionViewLayout.m in Sources */ = {isa = PBXBuildFile; fileRef = 4F741FFD1C3125A30039BBA1 /* FKCollectionViewLayout.m */; };
		4F7420011C312A190039BBA1 /* FKImageCollectionViewCell.m in Sources */ = {isa = PBXBuildFile; fileRef = 4F7420001C312A190039BBA1 /* FKImageCollectionViewCell.m */; };
		AD5582041C53618200EB9129 /* FKPreviewAnimator.m in Sources */ = {isa = PBXBuildFile; fileRef = AD5582031C53618200EB9129 /* FKPreviewAnimator.m */; };
		AD5582071C53619900EB9129 /* FKPreviewController.m in Sources */ = {isa = PBXBuildFile; fileRef = AD5582061C53619900EB9129 /* FKPreviewController.m */; };
		AD88C2EC1C39652E00455CF5 /* SectionHeaderView.m in Sources */ = {isa = PBXBuildFile; fileRef = AD88C2EB1C39652E00455CF5 /* SectionHeaderView.m */; };
		AD88C2EF1C39653B00455CF5 /* SectionFooterView.m in Sources */ = {isa = PBXBuildFile; fileRef = AD88C2EE1C39653B00455CF5 /* SectionFooterView.m */; };
/* End PBXBuildFile section */

/* Begin PBXFileReference section */
		4F741FE21C3124500039BBA1 /* FKCollectionView.app */ = {isa = PBXFileReference; explicitFileType = wrapper.application; includeInIndex = 0; path = FKCollectionView.app; sourceTree = BUILT_PRODUCTS_DIR; };
		4F741FE61C3124500039BBA1 /* main.m */ = {isa = PBXFileReference; lastKnownFileType = sourcecode.c.objc; path = main.m; sourceTree = "<group>"; };
		4F741FE81C3124500039BBA1 /* AppDelegate.h */ = {isa = PBXFileReference; lastKnownFileType = sourcecode.c.h; path = AppDelegate.h; sourceTree = "<group>"; };
		4F741FE91C3124500039BBA1 /* AppDelegate.m */ = {isa = PBXFileReference; lastKnownFileType = sourcecode.c.objc; path = AppDelegate.m; sourceTree = "<group>"; };
		4F741FEB1C3124500039BBA1 /* ViewController.h */ = {isa = PBXFileReference; lastKnownFileType = sourcecode.c.h; path = ViewController.h; sourceTree = "<group>"; };
		4F741FEC1C3124500039BBA1 /* ViewController.m */ = {isa = PBXFileReference; lastKnownFileType = sourcecode.c.objc; path = ViewController.m; sourceTree = "<group>"; };
		4F741FEF1C3124500039BBA1 /* Base */ = {isa = PBXFileReference; lastKnownFileType = file.storyboard; name = Base; path = Base.lproj/Main.storyboard; sourceTree = "<group>"; };
		4F741FF11C3124500039BBA1 /* Assets.xcassets */ = {isa = PBXFileReference; lastKnownFileType = folder.assetcatalog; path = Assets.xcassets; sourceTree = "<group>"; };
		4F741FF41C3124500039BBA1 /* Base */ = {isa = PBXFileReference; lastKnownFileType = file.storyboard; name = Base; path = Base.lproj/LaunchScreen.storyboard; sourceTree = "<group>"; };
		4F741FF61C3124500039BBA1 /* Info.plist */ = {isa = PBXFileReference; lastKnownFileType = text.plist.xml; path = Info.plist; sourceTree = "<group>"; };
		4F741FFC1C3125A30039BBA1 /* FKCollectionViewLayout.h */ = {isa = PBXFileReference; fileEncoding = 4; lastKnownFileType = sourcecode.c.h; path = FKCollectionViewLayout.h; sourceTree = "<group>"; };
		4F741FFD1C3125A30039BBA1 /* FKCollectionViewLayout.m */ = {isa = PBXFileReference; fileEncoding = 4; lastKnownFileType = sourcecode.c.objc; path = FKCollectionViewLayout.m; sourceTree = "<group>"; };
		4F741FFF1C312A190039BBA1 /* FKImageCollectionViewCell.h */ = {isa = PBXFileReference; fileEncoding = 4; lastKnownFileType = sourcecode.c.h; path = FKImageCollectionViewCell.h; sourceTree = "<group>"; };
		4F7420001C312A190039BBA1 /* FKImageCollectionViewCell.m */ = {isa = PBXFileReference; fileEncoding = 4; lastKnownFileType = sourcecode.c.objc; path = FKImageCollectionViewCell.m; sourceTree = "<group>"; };
		AD5582021C53618200EB9129 /* FKPreviewAnimator.h */ = {isa = PBXFileReference; fileEncoding = 4; lastKnownFileType = sourcecode.c.h; path = FKPreviewAnimator.h; sourceTree = "<group>"; };
		AD5582031C53618200EB9129 /* FKPreviewAnimator.m */ = {isa = PBXFileReference; fileEncoding = 4; lastKnownFileType = sourcecode.c.objc; path = FKPreviewAnimator.m; sourceTree = "<group>"; };
		AD5582051C53619900EB9129 /* FKPreviewController.h */ = {isa = PBXFileReference; fileEncoding = 4; lastKnownFileType = sourcecode.c.h; path = FKPreviewController.h; sourceTree = "<group>"; };
		AD5582061C53619900EB9129 /* FKPreviewController.m */ = {isa = PBXFileReference; fileEncoding = 4; lastKnownFileType = sourcecode.c.objc; path = FKPreviewController.m; sourceTree = "<group>"; };
		AD88C2EA1C39652E00455CF5 /* SectionHeaderView.h */ = {isa = PBXFileReference; fileEncoding = 4; lastKnownFileType = sourcecode.c.h; path = SectionHeaderView.h; sourceTree = "<group>"; };
		AD88C2EB1C39652E00455CF5 /* SectionHeaderView.m */ = {isa = PBXFileReference; fileEncoding = 4; lastKnownFileType = sourcecode.c.objc; path = SectionHeaderView.m; sourceTree = "<group>"; };
		AD88C2ED1C39653B00455CF5 /* SectionFooterView.h */ = {isa = PBXFileReference; fileEncoding = 4; lastKnownFileType = sourcecode.c.h; path = SectionFooterView.h; sourceTree = "<group>"; };
		AD88C2EE1C39653B00455CF5 /* SectionFooterView.m */ = {isa = PBXFileReference; fileEncoding = 4; lastKnownFileType = sourcecode.c.objc; path = SectionFooterView.m; sourceTree = "<group>"; };
/* End PBXFileReference section */

/* Begin PBXFrameworksBuildPhase section */
		4F741FDF1C3124500039BBA1 /* Frameworks */ = {
			isa = PBXFrameworksBuildPhase;
			buildActionMask = 2147483647;
			files = (
			);
			runOnlyForDeploymentPostprocessing = 0;
		};
/* End PBXFrameworksBuildPhase section */

/* Begin PBXGroup section */
		4F741FD91C3124500039BBA1 = {
			isa = PBXGroup;
			children = (
				AD534F641C3A314E009D82C9 /* FKCollectionView */,
				4F741FE41C3124500039BBA1 /* FKCollectionViewDemo */,
				4F741FE31C3124500039BBA1 /* Products */,
			);
			sourceTree = "<group>";
		};
		4F741FE31C3124500039BBA1 /* Products */ = {
			isa = PBXGroup;
			children = (
				4F741FE21C3124500039BBA1 /* FKCollectionView.app */,
			);
			name = Products;
			sourceTree = "<group>";
		};
		4F741FE41C3124500039BBA1 /* FKCollectionViewDemo */ = {
			isa = PBXGroup;
			children = (
				4F741FE81C3124500039BBA1 /* AppDelegate.h */,
				4F741FE91C3124500039BBA1 /* AppDelegate.m */,
				4F741FEB1C3124500039BBA1 /* ViewController.h */,
				4F741FEC1C3124500039BBA1 /* ViewController.m */,
				4F741FEE1C3124500039BBA1 /* Main.storyboard */,
				4F741FF11C3124500039BBA1 /* Assets.xcassets */,
				4F741FF31C3124500039BBA1 /* LaunchScreen.storyboard */,
				4F741FF61C3124500039BBA1 /* Info.plist */,
				4F741FE51C3124500039BBA1 /* Supporting Files */,
				4F741FFF1C312A190039BBA1 /* FKImageCollectionViewCell.h */,
				4F7420001C312A190039BBA1 /* FKImageCollectionViewCell.m */,
				AD88C2EA1C39652E00455CF5 /* SectionHeaderView.h */,
				AD88C2EB1C39652E00455CF5 /* SectionHeaderView.m */,
				AD88C2ED1C39653B00455CF5 /* SectionFooterView.h */,
				AD88C2EE1C39653B00455CF5 /* SectionFooterView.m */,
				AD5582051C53619900EB9129 /* FKPreviewController.h */,
				AD5582061C53619900EB9129 /* FKPreviewController.m */,
			);
			name = FKCollectionViewDemo;
			path = FKCollectionView;
			sourceTree = "<group>";
		};
		4F741FE51C3124500039BBA1 /* Supporting Files */ = {
			isa = PBXGroup;
			children = (
				4F741FE61C3124500039BBA1 /* main.m */,
			);
			name = "Supporting Files";
			sourceTree = "<group>";
		};
		AD534F641C3A314E009D82C9 /* FKCollectionView */ = {
			isa = PBXGroup;
			children = (
				4F741FFC1C3125A30039BBA1 /* FKCollectionViewLayout.h */,
				4F741FFD1C3125A30039BBA1 /* FKCollectionViewLayout.m */,
				AD5582021C53618200EB9129 /* FKPreviewAnimator.h */,
				AD5582031C53618200EB9129 /* FKPreviewAnimator.m */,
			);
			name = FKCollectionView;
			path = Classes;
			sourceTree = "<group>";
		};
/* End PBXGroup section */

/* Begin PBXNativeTarget section */
		4F741FE11C3124500039BBA1 /* FKCollectionView */ = {
			isa = PBXNativeTarget;
			buildConfigurationList = 4F741FF91C3124500039BBA1 /* Build configuration list for PBXNativeTarget "FKCollectionView" */;
			buildPhases = (
				4F741FDE1C3124500039BBA1 /* Sources */,
				4F741FDF1C3124500039BBA1 /* Frameworks */,
				4F741FE01C3124500039BBA1 /* Resources */,
			);
			buildRules = (
			);
			dependencies = (
			);
			name = FKCollectionView;
			productName = FKCollectionView;
			productReference = 4F741FE21C3124500039BBA1 /* FKCollectionView.app */;
			productType = "com.apple.product-type.application";
		};
/* End PBXNativeTarget section */

/* Begin PBXProject section */
		4F741FDA1C3124500039BBA1 /* Project object */ = {
			isa = PBXProject;
			attributes = {
				LastUpgradeCheck = 0720;
				ORGANIZATIONNAME = Fromkk;
				TargetAttributes = {
					4F741FE11C3124500039BBA1 = {
						CreatedOnToolsVersion = 7.2;
						DevelopmentTeam = XE9C97EHP4;
					};
				};
			};
			buildConfigurationList = 4F741FDD1C3124500039BBA1 /* Build configuration list for PBXProject "FKCollectionView" */;
			compatibilityVersion = "Xcode 3.2";
			developmentRegion = English;
			hasScannedForEncodings = 0;
			knownRegions = (
				en,
				Base,
			);
			mainGroup = 4F741FD91C3124500039BBA1;
			productRefGroup = 4F741FE31C3124500039BBA1 /* Products */;
			projectDirPath = "";
			projectRoot = "";
			targets = (
				4F741FE11C3124500039BBA1 /* FKCollectionView */,
			);
		};
/* End PBXProject section */

/* Begin PBXResourcesBuildPhase section */
		4F741FE01C3124500039BBA1 /* Resources */ = {
			isa = PBXResourcesBuildPhase;
			buildActionMask = 2147483647;
			files = (
				4F741FF51C3124500039BBA1 /* LaunchScreen.storyboard in Resources */,
				4F741FF21C3124500039BBA1 /* Assets.xcassets in Resources */,
				4F741FF01C3124500039BBA1 /* Main.storyboard in Resources */,
			);
			runOnlyForDeploymentPostprocessing = 0;
		};
/* End PBXResourcesBuildPhase section */

/* Begin PBXSourcesBuildPhase section */
		4F741FDE1C3124500039BBA1 /* Sources */ = {
			isa = PBXSourcesBuildPhase;
			buildActionMask = 2147483647;
			files = (
				AD5582071C53619900EB9129 /* FKPreviewController.m in Sources */,
				AD88C2EF1C39653B00455CF5 /* SectionFooterView.m in Sources */,
				4F741FED1C3124500039BBA1 /* ViewController.m in Sources */,
				AD88C2EC1C39652E00455CF5 /* SectionHeaderView.m in Sources */,
				4F7420011C312A190039BBA1 /* FKImageCollectionViewCell.m in Sources */,
				AD5582041C53618200EB9129 /* FKPreviewAnimator.m in Sources */,
				4F741FFE1C3125A30039BBA1 /* FKCollectionViewLayout.m in Sources */,
				4F741FEA1C3124500039BBA1 /* AppDelegate.m in Sources */,
				4F741FE71C3124500039BBA1 /* main.m in Sources */,
			);
			runOnlyForDeploymentPostprocessing = 0;
		};
/* End PBXSourcesBuildPhase section */

/* Begin PBXVariantGroup section */
		4F741FEE1C3124500039BBA1 /* Main.storyboard */ = {
			isa = PBXVariantGroup;
			children = (
				4F741FEF1C3124500039BBA1 /* Base */,
			);
			name = Main.storyboard;
			sourceTree = "<group>";
		};
		4F741FF31C3124500039BBA1 /* LaunchScreen.storyboard */ = {
			isa = PBXVariantGroup;
			children = (
				4F741FF41C3124500039BBA1 /* Base */,
			);
			name = LaunchScreen.storyboard;
			sourceTree = "<group>";
		};
/* End PBXVariantGroup section */

/* Begin XCBuildConfiguration section */
		4F741FF71C3124500039BBA1 /* Debug */ = {
			isa = XCBuildConfiguration;
			buildSettings = {
				ALWAYS_SEARCH_USER_PATHS = NO;
				CLANG_CXX_LANGUAGE_STANDARD = "gnu++0x";
				CLANG_CXX_LIBRARY = "libc++";
				CLANG_ENABLE_MODULES = YES;
				CLANG_ENABLE_OBJC_ARC = YES;
				CLANG_WARN_BOOL_CONVERSION = YES;
				CLANG_WARN_CONSTANT_CONVERSION = YES;
				CLANG_WARN_DIRECT_OBJC_ISA_USAGE = YES_ERROR;
				CLANG_WARN_EMPTY_BODY = YES;
				CLANG_WARN_ENUM_CONVERSION = YES;
				CLANG_WARN_INT_CONVERSION = YES;
				CLANG_WARN_OBJC_ROOT_CLASS = YES_ERROR;
				CLANG_WARN_UNREACHABLE_CODE = YES;
				CLANG_WARN__DUPLICATE_METHOD_MATCH = YES;
				"CODE_SIGN_IDENTITY[sdk=iphoneos*]" = "iPhone Developer";
				COPY_PHASE_STRIP = NO;
				DEBUG_INFORMATION_FORMAT = dwarf;
				ENABLE_STRICT_OBJC_MSGSEND = YES;
				ENABLE_TESTABILITY = YES;
				GCC_C_LANGUAGE_STANDARD = gnu99;
				GCC_DYNAMIC_NO_PIC = NO;
				GCC_NO_COMMON_BLOCKS = YES;
				GCC_OPTIMIZATION_LEVEL = 0;
				GCC_PREPROCESSOR_DEFINITIONS = (
					"DEBUG=1",
					"$(inherited)",
				);
				GCC_WARN_64_TO_32_BIT_CONVERSION = YES;
				GCC_WARN_ABOUT_RETURN_TYPE = YES_ERROR;
				GCC_WARN_UNDECLARED_SELECTOR = YES;
				GCC_WARN_UNINITIALIZED_AUTOS = YES_AGGRESSIVE;
				GCC_WARN_UNUSED_FUNCTION = YES;
				GCC_WARN_UNUSED_VARIABLE = YES;
				IPHONEOS_DEPLOYMENT_TARGET = 9.2;
				MTL_ENABLE_DEBUG_INFO = YES;
				ONLY_ACTIVE_ARCH = YES;
				SDKROOT = iphoneos;
				TARGETED_DEVICE_FAMILY = "1,2";
			};
			name = Debug;
		};
		4F741FF81C3124500039BBA1 /* Release */ = {
			isa = XCBuildConfiguration;
			buildSettings = {
				ALWAYS_SEARCH_USER_PATHS = NO;
				CLANG_CXX_LANGUAGE_STANDARD = "gnu++0x";
				CLANG_CXX_LIBRARY = "libc++";
				CLANG_ENABLE_MODULES = YES;
				CLANG_ENABLE_OBJC_ARC = YES;
				CLANG_WARN_BOOL_CONVERSION = YES;
				CLANG_WARN_CONSTANT_CONVERSION = YES;
				CLANG_WARN_DIRECT_OBJC_ISA_USAGE = YES_ERROR;
				CLANG_WARN_EMPTY_BODY = YES;
				CLANG_WARN_ENUM_CONVERSION = YES;
				CLANG_WARN_INT_CONVERSION = YES;
				CLANG_WARN_OBJC_ROOT_CLASS = YES_ERROR;
				CLANG_WARN_UNREACHABLE_CODE = YES;
				CLANG_WARN__DUPLICATE_METHOD_MATCH = YES;
				"CODE_SIGN_IDENTITY[sdk=iphoneos*]" = "iPhone Developer";
				COPY_PHASE_STRIP = NO;
				DEBUG_INFORMATION_FORMAT = "dwarf-with-dsym";
				ENABLE_NS_ASSERTIONS = NO;
				ENABLE_STRICT_OBJC_MSGSEND = YES;
				GCC_C_LANGUAGE_STANDARD = gnu99;
				GCC_NO_COMMON_BLOCKS = YES;
				GCC_WARN_64_TO_32_BIT_CONVERSION = YES;
				GCC_WARN_ABOUT_RETURN_TYPE = YES_ERROR;
				GCC_WARN_UNDECLARED_SELECTOR = YES;
				GCC_WARN_UNINITIALIZED_AUTOS = YES_AGGRESSIVE;
				GCC_WARN_UNUSED_FUNCTION = YES;
				GCC_WARN_UNUSED_VARIABLE = YES;
				IPHONEOS_DEPLOYMENT_TARGET = 9.2;
				MTL_ENABLE_DEBUG_INFO = NO;
				SDKROOT = iphoneos;
				TARGETED_DEVICE_FAMILY = "1,2";
				VALIDATE_PRODUCT = YES;
			};
			name = Release;
		};
		4F741FFA1C3124500039BBA1 /* Debug */ = {
			isa = XCBuildConfiguration;
			buildSettings = {
				ASSETCATALOG_COMPILER_APPICON_NAME = AppIcon;
				CODE_SIGN_IDENTITY = "iPhone Developer";
				"CODE_SIGN_IDENTITY[sdk=iphoneos*]" = "iPhone Developer";
				INFOPLIST_FILE = FKCollectionView/Info.plist;
				LD_RUNPATH_SEARCH_PATHS = "$(inherited) @executable_path/Frameworks";
				PRODUCT_BUNDLE_IDENTIFIER = "com.timers-inc.FKCollectionView";
				PRODUCT_NAME = "$(TARGET_NAME)";
				PROVISIONING_PROFILE = "";
			};
			name = Debug;
		};
		4F741FFB1C3124500039BBA1 /* Release */ = {
			isa = XCBuildConfiguration;
			buildSettings = {
				ASSETCATALOG_COMPILER_APPICON_NAME = AppIcon;
				CODE_SIGN_IDENTITY = "iPhone Developer";
				"CODE_SIGN_IDENTITY[sdk=iphoneos*]" = "iPhone Developer";
				INFOPLIST_FILE = FKCollectionView/Info.plist;
				LD_RUNPATH_SEARCH_PATHS = "$(inherited) @executable_path/Frameworks";
				PRODUCT_BUNDLE_IDENTIFIER = "com.timers-inc.FKCollectionView";
				PRODUCT_NAME = "$(TARGET_NAME)";
				PROVISIONING_PROFILE = "";
			};
			name = Release;
		};
/* End XCBuildConfiguration section */

/* Begin XCConfigurationList section */
		4F741FDD1C3124500039BBA1 /* Build configuration list for PBXProject "FKCollectionView" */ = {
			isa = XCConfigurationList;
			buildConfigurations = (
				4F741FF71C3124500039BBA1 /* Debug */,
				4F741FF81C3124500039BBA1 /* Release */,
			);
			defaultConfigurationIsVisible = 0;
			defaultConfigurationName = Release;
		};
		4F741FF91C3124500039BBA1 /* Build configuration list for PBXNativeTarget "FKCollectionView" */ = {
			isa = XCConfigurationList;
			buildConfigurations = (
				4F741FFA1C3124500039BBA1 /* Debug */,
				4F741FFB1C3124500039BBA1 /* Release */,
			);
			defaultConfigurationIsVisible = 0;
			defaultConfigurationName = Release;
		};
/* End XCConfigurationList section */
	};
	rootObject = 4F741FDA1C3124500039BBA1 /* Project object */;
}
